
Microsoft Visual Studio Solution File, Format Version 12.00
# Visual Studio Version 17
VisualStudioVersion = 17.0.31903.59
MinimumVisualStudioVersion = 10.0.40219.1
Project("{FAE04EC0-301F-11D3-BF4B-00C04F79EFBC}") = "Exercise1", "Exercise1\Exercise1.csproj", "{F9AB64A3-4C0C-4F42-B93A-4061B599FFBB}"
EndProject
Project("{FAE04EC0-301F-11D3-BF4B-00C04F79EFBC}") = "Exercise2", "Exercise2\Exercise2.csproj", "{675F2CF1-2535-4E99-B0F1-49246377F9D4}"
EndProject
Project("{FAE04EC0-301F-11D3-BF4B-00C04F79EFBC}") = "Exercise3", "Exercise3\Exercise3.csproj", "{F379E63A-DFE8-4EDC-8863-893137820338}"
EndProject
Project("{FAE04EC0-301F-11D3-BF4B-00C04F79EFBC}") = "Exercise4", "Exercise4\Exercise4.csproj", "{59718E13-EB6B-4458-AEFB-3D285F098F3E}"
EndProject
Project("{FAE04EC0-301F-11D3-BF4B-00C04F79EFBC}") = "Exercise5", "Exercise5\Exercise5.csproj", "{4DACCD2F-62BB-4FF9-9C38-169B48DAD29A}"
EndProject
Project("{FAE04EC0-301F-11D3-BF4B-00C04F79EFBC}") = "Exercise6", "Exercise6\Exercise6.csproj", "{7B1B4CE7-63EE-4D8B-A79C-AB3870A542FC}"
EndProject
Project("{FAE04EC0-301F-11D3-BF4B-00C04F79EFBC}") = "Exercise7", "Exercise7\Exercise7.csproj", "{FA259C94-9EDC-4EC6-A1F9-6D3E80D7A3B7}"
EndProject
Project("{FAE04EC0-301F-11D3-BF4B-00C04F79EFBC}") = "Exercise8", "Exercise8\Exercise8.csproj", "{6D7715B4-F02C-46A4-ADC9-DAF5F0B857ED}"
EndProject
Project("{FAE04EC0-301F-11D3-BF4B-00C04F79EFBC}") = "Exercise9", "Exercise9\Exercise9.csproj", "{A3079CE1-322B-4A39-AD9E-B5675235DE43}"
EndProject
Global
	GlobalSection(SolutionConfigurationPlatforms) = preSolution
		Debug|Any CPU = Debug|Any CPU
		Release|Any CPU = Release|Any CPU
	EndGlobalSection
	GlobalSection(ProjectConfigurationPlatforms) = postSolution
		{F9AB64A3-4C0C-4F42-B93A-4061B599FFBB}.Debug|Any CPU.ActiveCfg = Debug|Any CPU
		{F9AB64A3-4C0C-4F42-B93A-4061B599FFBB}.Debug|Any CPU.Build.0 = Debug|Any CPU
		{F9AB64A3-4C0C-4F42-B93A-4061B599FFBB}.Release|Any CPU.ActiveCfg = Release|Any CPU
		{F9AB64A3-4C0C-4F42-B93A-4061B599FFBB}.Release|Any CPU.Build.0 = Release|Any CPU
		{675F2CF1-2535-4E99-B0F1-49246377F9D4}.Debug|Any CPU.ActiveCfg = Debug|Any CPU
		{675F2CF1-2535-4E99-B0F1-49246377F9D4}.Debug|Any CPU.Build.0 = Debug|Any CPU
		{675F2CF1-2535-4E99-B0F1-49246377F9D4}.Release|Any CPU.ActiveCfg = Release|Any CPU
		{675F2CF1-2535-4E99-B0F1-49246377F9D4}.Release|Any CPU.Build.0 = Release|Any CPU
		{F379E63A-DFE8-4EDC-8863-893137820338}.Debug|Any CPU.ActiveCfg = Debug|Any CPU
		{F379E63A-DFE8-4EDC-8863-893137820338}.Debug|Any CPU.Build.0 = Debug|Any CPU
		{F379E63A-DFE8-4EDC-8863-893137820338}.Release|Any CPU.ActiveCfg = Release|Any CPU
		{F379E63A-DFE8-4EDC-8863-893137820338}.Release|Any CPU.Build.0 = Release|Any CPU
		{59718E13-EB6B-4458-AEFB-3D285F098F3E}.Debug|Any CPU.ActiveCfg = Debug|Any CPU
		{59718E13-EB6B-4458-AEFB-3D285F098F3E}.Debug|Any CPU.Build.0 = Debug|Any CPU
		{59718E13-EB6B-4458-AEFB-3D285F098F3E}.Release|Any CPU.ActiveCfg = Release|Any CPU
		{59718E13-EB6B-4458-AEFB-3D285F098F3E}.Release|Any CPU.Build.0 = Release|Any CPU
		{4DACCD2F-62BB-4FF9-9C38-169B48DAD29A}.Debug|Any CPU.ActiveCfg = Debug|Any CPU
		{4DACCD2F-62BB-4FF9-9C38-169B48DAD29A}.Debug|Any CPU.Build.0 = Debug|Any CPU
		{4DACCD2F-62BB-4FF9-9C38-169B48DAD29A}.Release|Any CPU.ActiveCfg = Release|Any CPU
		{4DACCD2F-62BB-4FF9-9C38-169B48DAD29A}.Release|Any CPU.Build.0 = Release|Any CPU
		{7B1B4CE7-63EE-4D8B-A79C-AB3870A542FC}.Debug|Any CPU.ActiveCfg = Debug|Any CPU
		{7B1B4CE7-63EE-4D8B-A79C-AB3870A542FC}.Debug|Any CPU.Build.0 = Debug|Any CPU
		{7B1B4CE7-63EE-4D8B-A79C-AB3870A542FC}.Release|Any CPU.ActiveCfg = Release|Any CPU
		{7B1B4CE7-63EE-4D8B-A79C-AB3870A542FC}.Release|Any CPU.Build.0 = Release|Any CPU
		{FA259C94-9EDC-4EC6-A1F9-6D3E80D7A3B7}.Debug|Any CPU.ActiveCfg = Debug|Any CPU
		{FA259C94-9EDC-4EC6-A1F9-6D3E80D7A3B7}.Debug|Any CPU.Build.0 = Debug|Any CPU
		{FA259C94-9EDC-4EC6-A1F9-6D3E80D7A3B7}.Release|Any CPU.ActiveCfg = Release|Any CPU
		{FA259C94-9EDC-4EC6-A1F9-6D3E80D7A3B7}.Release|Any CPU.Build.0 = Release|Any CPU
		{6D7715B4-F02C-46A4-ADC9-DAF5F0B857ED}.Debug|Any CPU.ActiveCfg = Debug|Any CPU
		{6D7715B4-F02C-46A4-ADC9-DAF5F0B857ED}.Debug|Any CPU.Build.0 = Debug|Any CPU
		{6D7715B4-F02C-46A4-ADC9-DAF5F0B857ED}.Release|Any CPU.ActiveCfg = Release|Any CPU
		{6D7715B4-F02C-46A4-ADC9-DAF5F0B857ED}.Release|Any CPU.Build.0 = Release|Any CPU
		{A3079CE1-322B-4A39-AD9E-B5675235DE43}.Debug|Any CPU.ActiveCfg = Debug|Any CPU
		{A3079CE1-322B-4A39-AD9E-B5675235DE43}.Debug|Any CPU.Build.0 = Debug|Any CPU
		{A3079CE1-322B-4A39-AD9E-B5675235DE43}.Release|Any CPU.ActiveCfg = Release|Any CPU
		{A3079CE1-322B-4A39-AD9E-B5675235DE43}.Release|Any CPU.Build.0 = Release|Any CPU
	EndGlobalSection
	GlobalSection(SolutionProperties) = preSolution
		HideSolutionNode = FALSE
	EndGlobalSection
EndGlobal
